dependencies:
  eil/esp_idf_lib_helpers:
    component_hash: eaee96f02db1bea59d369e53e46fd100331eb9d1d9726416cace4dd01f72698e
    source:
      service_url: https://api.components.espressif.com/
      type: service
    version: 1.2.1
  idf:
    component_hash: null
    source:
      type: idf
    version: 5.1.2
manifest_hash: a618463bf3574b46a8f46103a9a82058a7e6690dd3fdc029533764584981cb58
target: esp32
version: 1.0.0
